
Microsoft Visual Studio Solution File, Format Version 12.00
# Visual Studio Version 16
VisualStudioVersion = 16.0.30804.86
MinimumVisualStudioVersion = 10.0.40219.1
Project("{FAE04EC0-301F-11D3-BF4B-00C04F79EFBC}") = "OnlineShoppingStore", "OnlineShoppingStore\OnlineShoppingStore.csproj", "{EACDE383-D290-46C2-B5EB-4CE09AC216AB}"
EndProject
Global
	GlobalSection(SolutionConfigurationPlatforms) = preSolution
		Debug|Any CPU = Debug|Any CPU
		Release|Any CPU = Release|Any CPU
	EndGlobalSection
	GlobalSection(ProjectConfigurationPlatforms) = postSolution
		{EACDE383-D290-46C2-B5EB-4CE09AC216AB}.Debug|Any CPU.ActiveCfg = Debug|Any CPU
		{EACDE383-D290-46C2-B5EB-4CE09AC216AB}.Debug|Any CPU.Build.0 = Debug|Any CPU
		{EACDE383-D290-46C2-B5EB-4CE09AC216AB}.Release|Any CPU.ActiveCfg = Release|Any CPU
		{EACDE383-D290-46C2-B5EB-4CE09AC216AB}.Release|Any CPU.Build.0 = Release|Any CPU
	EndGlobalSection
	GlobalSection(SolutionProperties) = preSolution
		HideSolutionNode = FALSE
	EndGlobalSection
	GlobalSection(ExtensibilityGlobals) = postSolution
		SolutionGuid = {E3DE5037-EBA0-478C-BFDD-A95E6411E43F}
	EndGlobalSection
EndGlobal
